
Microsoft Visual Studio Solution File, Format Version 12.00
# Visual Studio 2013
VisualStudioVersion = 12.0.30110.0
MinimumVisualStudioVersion = 10.0.40219.1
Project("{FAE04EC0-301F-11D3-BF4B-00C04F79EFBC}") = "AspNetIdentityAzureTableTest", "Tests\Functional\AspNetIdentityAzureTableTest\AspNetIdentityAzureTableTest.csproj", "{32B71AD1-80E4-4FEF-9344-DBEB83A959D0}"
EndProject
Project("{2150E333-8FDC-42A3-9474-1A3956D46DE8}") = "Libraries", "Libraries", "{31950456-9C3F-4ECA-96AD-DE985DE6D7E6}"
EndProject
Project("{FAE04EC0-301F-11D3-BF4B-00C04F79EFBC}") = "SerialLabs.AspNet.Identity.AzureTable", "Source\SerialLabs.AspNet.Identity.AzureTable\SerialLabs.AspNet.Identity.AzureTable.csproj", "{D0848109-81E6-43E6-934C-71850906F6D4}"
EndProject
Project("{FAE04EC0-301F-11D3-BF4B-00C04F79EFBC}") = "SerialLabs.Data.AzureTable", "Source\SerialLabs.Data.AzureTable\SerialLabs.Data.AzureTable.csproj", "{C2235FA7-8901-4D83-A5D8-827B9C03D6AA}"
EndProject
Project("{FAE04EC0-301F-11D3-BF4B-00C04F79EFBC}") = "SerialLabs", "Source\SerialLabs\SerialLabs.csproj", "{0706A320-FBC4-4CFF-8A51-280A59CDA5FC}"
EndProject
Global
	GlobalSection(SolutionConfigurationPlatforms) = preSolution
		Debug|Any CPU = Debug|Any CPU
		Release|Any CPU = Release|Any CPU
	EndGlobalSection
	GlobalSection(ProjectConfigurationPlatforms) = postSolution
		{32B71AD1-80E4-4FEF-9344-DBEB83A959D0}.Debug|Any CPU.ActiveCfg = Debug|Any CPU
		{32B71AD1-80E4-4FEF-9344-DBEB83A959D0}.Debug|Any CPU.Build.0 = Debug|Any CPU
		{32B71AD1-80E4-4FEF-9344-DBEB83A959D0}.Release|Any CPU.ActiveCfg = Release|Any CPU
		{32B71AD1-80E4-4FEF-9344-DBEB83A959D0}.Release|Any CPU.Build.0 = Release|Any CPU
		{D0848109-81E6-43E6-934C-71850906F6D4}.Debug|Any CPU.ActiveCfg = Debug|Any CPU
		{D0848109-81E6-43E6-934C-71850906F6D4}.Debug|Any CPU.Build.0 = Debug|Any CPU
		{D0848109-81E6-43E6-934C-71850906F6D4}.Release|Any CPU.ActiveCfg = Release|Any CPU
		{D0848109-81E6-43E6-934C-71850906F6D4}.Release|Any CPU.Build.0 = Release|Any CPU
		{C2235FA7-8901-4D83-A5D8-827B9C03D6AA}.Debug|Any CPU.ActiveCfg = Debug|Any CPU
		{C2235FA7-8901-4D83-A5D8-827B9C03D6AA}.Debug|Any CPU.Build.0 = Debug|Any CPU
		{C2235FA7-8901-4D83-A5D8-827B9C03D6AA}.Release|Any CPU.ActiveCfg = Release|Any CPU
		{C2235FA7-8901-4D83-A5D8-827B9C03D6AA}.Release|Any CPU.Build.0 = Release|Any CPU
		{0706A320-FBC4-4CFF-8A51-280A59CDA5FC}.Debug|Any CPU.ActiveCfg = Debug|Any CPU
		{0706A320-FBC4-4CFF-8A51-280A59CDA5FC}.Debug|Any CPU.Build.0 = Debug|Any CPU
		{0706A320-FBC4-4CFF-8A51-280A59CDA5FC}.Release|Any CPU.ActiveCfg = Release|Any CPU
		{0706A320-FBC4-4CFF-8A51-280A59CDA5FC}.Release|Any CPU.Build.0 = Release|Any CPU
	EndGlobalSection
	GlobalSection(SolutionProperties) = preSolution
		HideSolutionNode = FALSE
	EndGlobalSection
	GlobalSection(NestedProjects) = preSolution
		{D0848109-81E6-43E6-934C-71850906F6D4} = {31950456-9C3F-4ECA-96AD-DE985DE6D7E6}
		{C2235FA7-8901-4D83-A5D8-827B9C03D6AA} = {31950456-9C3F-4ECA-96AD-DE985DE6D7E6}
		{0706A320-FBC4-4CFF-8A51-280A59CDA5FC} = {31950456-9C3F-4ECA-96AD-DE985DE6D7E6}
	EndGlobalSection
EndGlobal
