
Microsoft Visual Studio Solution File, Format Version 12.00
# Visual Studio 2013
VisualStudioVersion = 12.0.30110.0
MinimumVisualStudioVersion = 10.0.40219.1
Project("{FAE04EC0-301F-11D3-BF4B-00C04F79EFBC}") = "SerialLabs", "Source\SerialLabs\SerialLabs.csproj", "{0706A320-FBC4-4CFF-8A51-280A59CDA5FC}"
EndProject
Project("{FAE04EC0-301F-11D3-BF4B-00C04F79EFBC}") = "SerialLabs.Logging", "Source\SerialLabs.Logging\SerialLabs.Logging.csproj", "{2399AC7C-E410-4D21-A741-A13B7A3F3398}"
EndProject
Project("{2150E333-8FDC-42A3-9474-1A3956D46DE8}") = ".nuget", ".nuget", "{125F79FE-11AF-41F0-833A-5097F609CDDC}"
	ProjectSection(SolutionItems) = preProject
		.nuget\NuGet.Config = .nuget\NuGet.Config
		.nuget\NuGet.exe = .nuget\NuGet.exe
		.nuget\NuGet.targets = .nuget\NuGet.targets
	EndProjectSection
EndProject
Project("{2150E333-8FDC-42A3-9474-1A3956D46DE8}") = "Solution Items", "Solution Items", "{ACA3687D-70CA-4AA9-8484-97EE1D857BC4}"
	ProjectSection(SolutionItems) = preProject
		coding-guidelines.md = coding-guidelines.md
		README.md = README.md
	EndProjectSection
EndProject
Project("{2150E333-8FDC-42A3-9474-1A3956D46DE8}") = "UnitTests", "UnitTests", "{31BD8A3B-338B-44E3-84D0-223FBAE4A6B1}"
EndProject
Project("{FAE04EC0-301F-11D3-BF4B-00C04F79EFBC}") = "SerialLabs.Tests", "Source\UnitTests\SerialLabs.Tests\SerialLabs.Tests.csproj", "{7DF8B9B8-A088-4671-B42A-818AC174D7AF}"
EndProject
Project("{2150E333-8FDC-42A3-9474-1A3956D46DE8}") = "Source", "Source", "{3D37672D-2D58-4F52-A7B9-200B714BAC2E}"
EndProject
Project("{FAE04EC0-301F-11D3-BF4B-00C04F79EFBC}") = "SerialLabs.Data", "Source\SerialLabs.Data\SerialLabs.Data.csproj", "{04E35A96-3802-493B-BFCC-4E425CB9657A}"
EndProject
Project("{FAE04EC0-301F-11D3-BF4B-00C04F79EFBC}") = "SerialLabs.Data.Entity", "Source\SerialLabs.Data.Entity\SerialLabs.Data.Entity.csproj", "{3035CD39-8FFE-49FB-B3C9-0638D3617D57}"
EndProject
Project("{FAE04EC0-301F-11D3-BF4B-00C04F79EFBC}") = "SerialLabs.Logging.Tests", "Source\UnitTests\SerialLabs.Logging.Tests\SerialLabs.Logging.Tests.csproj", "{2812E3A1-FF28-4D83-B235-207F427BBC10}"
EndProject
Project("{FAE04EC0-301F-11D3-BF4B-00C04F79EFBC}") = "SerialLabs.Logging.CloudStorage.Tests", "Source\UnitTests\SerialLabs.Logging.CloudStorage.Tests\SerialLabs.Logging.CloudStorage.Tests.csproj", "{AC313D39-8BAE-4A70-B373-A03228313871}"
EndProject
Project("{FAE04EC0-301F-11D3-BF4B-00C04F79EFBC}") = "SerialLabs.Logging.CloudStorage", "Source\SerialLabs.Logging.CloudStorage\SerialLabs.Logging.CloudStorage.csproj", "{910CE96C-B0EA-4B78-B01C-5D3958FFEF2A}"
EndProject
Project("{FAE04EC0-301F-11D3-BF4B-00C04F79EFBC}") = "SerialLabs.Web", "Source\SerialLabs.Web\SerialLabs.Web.csproj", "{F7602FE1-4723-41C1-A75E-1A5FA1D3901A}"
EndProject
Project("{FAE04EC0-301F-11D3-BF4B-00C04F79EFBC}") = "SerialLabs.Web.Mvc", "Source\SerialLabs.Web.Mvc\SerialLabs.Web.Mvc.csproj", "{D04BB554-C107-4CA5-98B9-82BC646C8F0F}"
EndProject
Project("{FAE04EC0-301F-11D3-BF4B-00C04F79EFBC}") = "SerialLabs.Web.Http", "Source\SerialLabs.Web.Http\SerialLabs.Web.Http.csproj", "{2A02786C-4FD4-4D91-9B54-CDA3C6E3E9D4}"
EndProject
Project("{FAE04EC0-301F-11D3-BF4B-00C04F79EFBC}") = "SerialLabs.Web.Http.Tests", "Source\UnitTests\SerialLabs.Web.Http.Tests\SerialLabs.Web.Http.Tests.csproj", "{1DFFD8DC-0597-440E-B2F9-89C3BFAE6383}"
EndProject
Project("{FAE04EC0-301F-11D3-BF4B-00C04F79EFBC}") = "SerialLabs.ExceptionHandling", "Source\SerialLabs.ExceptionHandling\SerialLabs.ExceptionHandling.csproj", "{CF031C68-7E3B-46E9-A66C-C750C4218B8F}"
EndProject
Project("{FAE04EC0-301F-11D3-BF4B-00C04F79EFBC}") = "SerialLabs.ExceptionHandling.Logging", "Source\SerialLabs.ExceptionHandling.Logging\SerialLabs.ExceptionHandling.Logging.csproj", "{A9E8842C-ABB1-45EE-A4C1-EE6142364AD8}"
EndProject
Project("{FAE04EC0-301F-11D3-BF4B-00C04F79EFBC}") = "SerialLabs.AspNet.Identity", "Source\SerialLabs.Identity\SerialLabs.AspNet.Identity.csproj", "{D05E9C50-8277-49D6-A576-8808554AEED1}"
EndProject
Project("{FAE04EC0-301F-11D3-BF4B-00C04F79EFBC}") = "SerialLabs.AspNet.Identity.CloudStorage", "Source\SerialLabs.Identity.CloudStorage\SerialLabs.AspNet.Identity.CloudStorage.csproj", "{D0848109-81E6-43E6-934C-71850906F6D4}"
EndProject
Project("{FAE04EC0-301F-11D3-BF4B-00C04F79EFBC}") = "SerialLabs.Storage.CloudStorage", "Source\SerialLabs.Storage.CloudStorage\SerialLabs.Storage.CloudStorage.csproj", "{1EB5B770-1CA8-47AA-86DF-4217E1226907}"
EndProject
Project("{FAE04EC0-301F-11D3-BF4B-00C04F79EFBC}") = "SerialLabs.Storage.CloudStorage.Tests", "Source\UnitTests\SerialLabs.Storage.CloudStorage.Tests\SerialLabs.Storage.CloudStorage.Tests.csproj", "{394FE097-AD3A-4458-908D-BC714F7A76E1}"
EndProject
Project("{FAE04EC0-301F-11D3-BF4B-00C04F79EFBC}") = "SerialLabs.AspNet.Identity.CloudStorage.Tests", "Source\UnitTests\SerialLabs.AspNet.Identity.CloudStorage.Tests\SerialLabs.AspNet.Identity.CloudStorage.Tests.csproj", "{3CAD2AF7-0A33-43DF-BF7B-8A5E16702452}"
EndProject
Global
	GlobalSection(SolutionConfigurationPlatforms) = preSolution
		Debug|Any CPU = Debug|Any CPU
		Release|Any CPU = Release|Any CPU
	EndGlobalSection
	GlobalSection(ProjectConfigurationPlatforms) = postSolution
		{0706A320-FBC4-4CFF-8A51-280A59CDA5FC}.Debug|Any CPU.ActiveCfg = Debug|Any CPU
		{0706A320-FBC4-4CFF-8A51-280A59CDA5FC}.Debug|Any CPU.Build.0 = Debug|Any CPU
		{0706A320-FBC4-4CFF-8A51-280A59CDA5FC}.Release|Any CPU.ActiveCfg = Release|Any CPU
		{0706A320-FBC4-4CFF-8A51-280A59CDA5FC}.Release|Any CPU.Build.0 = Release|Any CPU
		{2399AC7C-E410-4D21-A741-A13B7A3F3398}.Debug|Any CPU.ActiveCfg = Debug|Any CPU
		{2399AC7C-E410-4D21-A741-A13B7A3F3398}.Debug|Any CPU.Build.0 = Debug|Any CPU
		{2399AC7C-E410-4D21-A741-A13B7A3F3398}.Release|Any CPU.ActiveCfg = Release|Any CPU
		{2399AC7C-E410-4D21-A741-A13B7A3F3398}.Release|Any CPU.Build.0 = Release|Any CPU
		{7DF8B9B8-A088-4671-B42A-818AC174D7AF}.Debug|Any CPU.ActiveCfg = Debug|Any CPU
		{7DF8B9B8-A088-4671-B42A-818AC174D7AF}.Debug|Any CPU.Build.0 = Debug|Any CPU
		{7DF8B9B8-A088-4671-B42A-818AC174D7AF}.Release|Any CPU.ActiveCfg = Release|Any CPU
		{7DF8B9B8-A088-4671-B42A-818AC174D7AF}.Release|Any CPU.Build.0 = Release|Any CPU
		{04E35A96-3802-493B-BFCC-4E425CB9657A}.Debug|Any CPU.ActiveCfg = Debug|Any CPU
		{04E35A96-3802-493B-BFCC-4E425CB9657A}.Debug|Any CPU.Build.0 = Debug|Any CPU
		{04E35A96-3802-493B-BFCC-4E425CB9657A}.Release|Any CPU.ActiveCfg = Release|Any CPU
		{04E35A96-3802-493B-BFCC-4E425CB9657A}.Release|Any CPU.Build.0 = Release|Any CPU
		{3035CD39-8FFE-49FB-B3C9-0638D3617D57}.Debug|Any CPU.ActiveCfg = Debug|Any CPU
		{3035CD39-8FFE-49FB-B3C9-0638D3617D57}.Debug|Any CPU.Build.0 = Debug|Any CPU
		{3035CD39-8FFE-49FB-B3C9-0638D3617D57}.Release|Any CPU.ActiveCfg = Release|Any CPU
		{3035CD39-8FFE-49FB-B3C9-0638D3617D57}.Release|Any CPU.Build.0 = Release|Any CPU
		{2812E3A1-FF28-4D83-B235-207F427BBC10}.Debug|Any CPU.ActiveCfg = Debug|Any CPU
		{2812E3A1-FF28-4D83-B235-207F427BBC10}.Debug|Any CPU.Build.0 = Debug|Any CPU
		{2812E3A1-FF28-4D83-B235-207F427BBC10}.Release|Any CPU.ActiveCfg = Release|Any CPU
		{2812E3A1-FF28-4D83-B235-207F427BBC10}.Release|Any CPU.Build.0 = Release|Any CPU
		{AC313D39-8BAE-4A70-B373-A03228313871}.Debug|Any CPU.ActiveCfg = Debug|Any CPU
		{AC313D39-8BAE-4A70-B373-A03228313871}.Debug|Any CPU.Build.0 = Debug|Any CPU
		{AC313D39-8BAE-4A70-B373-A03228313871}.Release|Any CPU.ActiveCfg = Release|Any CPU
		{AC313D39-8BAE-4A70-B373-A03228313871}.Release|Any CPU.Build.0 = Release|Any CPU
		{910CE96C-B0EA-4B78-B01C-5D3958FFEF2A}.Debug|Any CPU.ActiveCfg = Debug|Any CPU
		{910CE96C-B0EA-4B78-B01C-5D3958FFEF2A}.Debug|Any CPU.Build.0 = Debug|Any CPU
		{910CE96C-B0EA-4B78-B01C-5D3958FFEF2A}.Release|Any CPU.ActiveCfg = Release|Any CPU
		{910CE96C-B0EA-4B78-B01C-5D3958FFEF2A}.Release|Any CPU.Build.0 = Release|Any CPU
		{F7602FE1-4723-41C1-A75E-1A5FA1D3901A}.Debug|Any CPU.ActiveCfg = Debug|Any CPU
		{F7602FE1-4723-41C1-A75E-1A5FA1D3901A}.Debug|Any CPU.Build.0 = Debug|Any CPU
		{F7602FE1-4723-41C1-A75E-1A5FA1D3901A}.Release|Any CPU.ActiveCfg = Release|Any CPU
		{F7602FE1-4723-41C1-A75E-1A5FA1D3901A}.Release|Any CPU.Build.0 = Release|Any CPU
		{D04BB554-C107-4CA5-98B9-82BC646C8F0F}.Debug|Any CPU.ActiveCfg = Debug|Any CPU
		{D04BB554-C107-4CA5-98B9-82BC646C8F0F}.Debug|Any CPU.Build.0 = Debug|Any CPU
		{D04BB554-C107-4CA5-98B9-82BC646C8F0F}.Release|Any CPU.ActiveCfg = Release|Any CPU
		{D04BB554-C107-4CA5-98B9-82BC646C8F0F}.Release|Any CPU.Build.0 = Release|Any CPU
		{2A02786C-4FD4-4D91-9B54-CDA3C6E3E9D4}.Debug|Any CPU.ActiveCfg = Debug|Any CPU
		{2A02786C-4FD4-4D91-9B54-CDA3C6E3E9D4}.Debug|Any CPU.Build.0 = Debug|Any CPU
		{2A02786C-4FD4-4D91-9B54-CDA3C6E3E9D4}.Release|Any CPU.ActiveCfg = Release|Any CPU
		{2A02786C-4FD4-4D91-9B54-CDA3C6E3E9D4}.Release|Any CPU.Build.0 = Release|Any CPU
		{1DFFD8DC-0597-440E-B2F9-89C3BFAE6383}.Debug|Any CPU.ActiveCfg = Debug|Any CPU
		{1DFFD8DC-0597-440E-B2F9-89C3BFAE6383}.Debug|Any CPU.Build.0 = Debug|Any CPU
		{1DFFD8DC-0597-440E-B2F9-89C3BFAE6383}.Release|Any CPU.ActiveCfg = Release|Any CPU
		{1DFFD8DC-0597-440E-B2F9-89C3BFAE6383}.Release|Any CPU.Build.0 = Release|Any CPU
		{CF031C68-7E3B-46E9-A66C-C750C4218B8F}.Debug|Any CPU.ActiveCfg = Debug|Any CPU
		{CF031C68-7E3B-46E9-A66C-C750C4218B8F}.Debug|Any CPU.Build.0 = Debug|Any CPU
		{CF031C68-7E3B-46E9-A66C-C750C4218B8F}.Release|Any CPU.ActiveCfg = Release|Any CPU
		{CF031C68-7E3B-46E9-A66C-C750C4218B8F}.Release|Any CPU.Build.0 = Release|Any CPU
		{A9E8842C-ABB1-45EE-A4C1-EE6142364AD8}.Debug|Any CPU.ActiveCfg = Debug|Any CPU
		{A9E8842C-ABB1-45EE-A4C1-EE6142364AD8}.Debug|Any CPU.Build.0 = Debug|Any CPU
		{A9E8842C-ABB1-45EE-A4C1-EE6142364AD8}.Release|Any CPU.ActiveCfg = Release|Any CPU
		{A9E8842C-ABB1-45EE-A4C1-EE6142364AD8}.Release|Any CPU.Build.0 = Release|Any CPU
		{D05E9C50-8277-49D6-A576-8808554AEED1}.Debug|Any CPU.ActiveCfg = Debug|Any CPU
		{D05E9C50-8277-49D6-A576-8808554AEED1}.Debug|Any CPU.Build.0 = Debug|Any CPU
		{D05E9C50-8277-49D6-A576-8808554AEED1}.Release|Any CPU.ActiveCfg = Release|Any CPU
		{D05E9C50-8277-49D6-A576-8808554AEED1}.Release|Any CPU.Build.0 = Release|Any CPU
		{D0848109-81E6-43E6-934C-71850906F6D4}.Debug|Any CPU.ActiveCfg = Debug|Any CPU
		{D0848109-81E6-43E6-934C-71850906F6D4}.Debug|Any CPU.Build.0 = Debug|Any CPU
		{D0848109-81E6-43E6-934C-71850906F6D4}.Release|Any CPU.ActiveCfg = Release|Any CPU
		{D0848109-81E6-43E6-934C-71850906F6D4}.Release|Any CPU.Build.0 = Release|Any CPU
		{1EB5B770-1CA8-47AA-86DF-4217E1226907}.Debug|Any CPU.ActiveCfg = Debug|Any CPU
		{1EB5B770-1CA8-47AA-86DF-4217E1226907}.Debug|Any CPU.Build.0 = Debug|Any CPU
		{1EB5B770-1CA8-47AA-86DF-4217E1226907}.Release|Any CPU.ActiveCfg = Release|Any CPU
		{1EB5B770-1CA8-47AA-86DF-4217E1226907}.Release|Any CPU.Build.0 = Release|Any CPU
		{394FE097-AD3A-4458-908D-BC714F7A76E1}.Debug|Any CPU.ActiveCfg = Debug|Any CPU
		{394FE097-AD3A-4458-908D-BC714F7A76E1}.Debug|Any CPU.Build.0 = Debug|Any CPU
		{394FE097-AD3A-4458-908D-BC714F7A76E1}.Release|Any CPU.ActiveCfg = Release|Any CPU
		{394FE097-AD3A-4458-908D-BC714F7A76E1}.Release|Any CPU.Build.0 = Release|Any CPU
		{3CAD2AF7-0A33-43DF-BF7B-8A5E16702452}.Debug|Any CPU.ActiveCfg = Debug|Any CPU
		{3CAD2AF7-0A33-43DF-BF7B-8A5E16702452}.Debug|Any CPU.Build.0 = Debug|Any CPU
		{3CAD2AF7-0A33-43DF-BF7B-8A5E16702452}.Release|Any CPU.ActiveCfg = Release|Any CPU
		{3CAD2AF7-0A33-43DF-BF7B-8A5E16702452}.Release|Any CPU.Build.0 = Release|Any CPU
	EndGlobalSection
	GlobalSection(SolutionProperties) = preSolution
		HideSolutionNode = FALSE
	EndGlobalSection
	GlobalSection(NestedProjects) = preSolution
		{2399AC7C-E410-4D21-A741-A13B7A3F3398} = {3D37672D-2D58-4F52-A7B9-200B714BAC2E}
		{0706A320-FBC4-4CFF-8A51-280A59CDA5FC} = {3D37672D-2D58-4F52-A7B9-200B714BAC2E}
		{04E35A96-3802-493B-BFCC-4E425CB9657A} = {3D37672D-2D58-4F52-A7B9-200B714BAC2E}
		{3035CD39-8FFE-49FB-B3C9-0638D3617D57} = {3D37672D-2D58-4F52-A7B9-200B714BAC2E}
		{910CE96C-B0EA-4B78-B01C-5D3958FFEF2A} = {3D37672D-2D58-4F52-A7B9-200B714BAC2E}
		{F7602FE1-4723-41C1-A75E-1A5FA1D3901A} = {3D37672D-2D58-4F52-A7B9-200B714BAC2E}
		{D04BB554-C107-4CA5-98B9-82BC646C8F0F} = {3D37672D-2D58-4F52-A7B9-200B714BAC2E}
		{2A02786C-4FD4-4D91-9B54-CDA3C6E3E9D4} = {3D37672D-2D58-4F52-A7B9-200B714BAC2E}
		{CF031C68-7E3B-46E9-A66C-C750C4218B8F} = {3D37672D-2D58-4F52-A7B9-200B714BAC2E}
		{A9E8842C-ABB1-45EE-A4C1-EE6142364AD8} = {3D37672D-2D58-4F52-A7B9-200B714BAC2E}
		{D05E9C50-8277-49D6-A576-8808554AEED1} = {3D37672D-2D58-4F52-A7B9-200B714BAC2E}
		{D0848109-81E6-43E6-934C-71850906F6D4} = {3D37672D-2D58-4F52-A7B9-200B714BAC2E}
		{1EB5B770-1CA8-47AA-86DF-4217E1226907} = {3D37672D-2D58-4F52-A7B9-200B714BAC2E}
		{7DF8B9B8-A088-4671-B42A-818AC174D7AF} = {31BD8A3B-338B-44E3-84D0-223FBAE4A6B1}
		{2812E3A1-FF28-4D83-B235-207F427BBC10} = {31BD8A3B-338B-44E3-84D0-223FBAE4A6B1}
		{AC313D39-8BAE-4A70-B373-A03228313871} = {31BD8A3B-338B-44E3-84D0-223FBAE4A6B1}
		{1DFFD8DC-0597-440E-B2F9-89C3BFAE6383} = {31BD8A3B-338B-44E3-84D0-223FBAE4A6B1}
		{394FE097-AD3A-4458-908D-BC714F7A76E1} = {31BD8A3B-338B-44E3-84D0-223FBAE4A6B1}
		{3CAD2AF7-0A33-43DF-BF7B-8A5E16702452} = {31BD8A3B-338B-44E3-84D0-223FBAE4A6B1}
	EndGlobalSection
EndGlobal
