
Microsoft Visual Studio Solution File, Format Version 12.00
# Visual Studio 2013
VisualStudioVersion = 12.0.30110.0
MinimumVisualStudioVersion = 10.0.40219.1
Project("{FAE04EC0-301F-11D3-BF4B-00C04F79EFBC}") = "SerialLabs", "Source\SerialLabs\SerialLabs.csproj", "{0706A320-FBC4-4CFF-8A51-280A59CDA5FC}"
EndProject
Project("{FAE04EC0-301F-11D3-BF4B-00C04F79EFBC}") = "SerialLabs.Logging", "Source\SerialLabs.Logging\SerialLabs.Logging.csproj", "{2399AC7C-E410-4D21-A741-A13B7A3F3398}"
EndProject
Project("{2150E333-8FDC-42A3-9474-1A3956D46DE8}") = ".nuget", ".nuget", "{125F79FE-11AF-41F0-833A-5097F609CDDC}"
	ProjectSection(SolutionItems) = preProject
		.nuget\NuGet.Config = .nuget\NuGet.Config
		.nuget\NuGet.exe = .nuget\NuGet.exe
		.nuget\NuGet.targets = .nuget\NuGet.targets
	EndProjectSection
EndProject
Project("{2150E333-8FDC-42A3-9474-1A3956D46DE8}") = "Solution Items", "Solution Items", "{ACA3687D-70CA-4AA9-8484-97EE1D857BC4}"
	ProjectSection(SolutionItems) = preProject
		coding-guidelines.md = coding-guidelines.md
		README.md = README.md
	EndProjectSection
EndProject
Project("{2150E333-8FDC-42A3-9474-1A3956D46DE8}") = "UnitTests", "UnitTests", "{31BD8A3B-338B-44E3-84D0-223FBAE4A6B1}"
EndProject
Project("{FAE04EC0-301F-11D3-BF4B-00C04F79EFBC}") = "SerialLabs.Tests", "Source\UnitTests\SerialLabs.Tests\SerialLabs.Tests.csproj", "{7DF8B9B8-A088-4671-B42A-818AC174D7AF}"
EndProject
Project("{2150E333-8FDC-42A3-9474-1A3956D46DE8}") = "Source", "Source", "{3D37672D-2D58-4F52-A7B9-200B714BAC2E}"
EndProject
Project("{FAE04EC0-301F-11D3-BF4B-00C04F79EFBC}") = "SerialLabs.Data", "Source\SerialLabs.Data\SerialLabs.Data.csproj", "{04E35A96-3802-493B-BFCC-4E425CB9657A}"
EndProject
Project("{FAE04EC0-301F-11D3-BF4B-00C04F79EFBC}") = "SerialLabs.Logging.Tests", "Source\UnitTests\SerialLabs.Logging.Tests\SerialLabs.Logging.Tests.csproj", "{2812E3A1-FF28-4D83-B235-207F427BBC10}"
EndProject
Project("{FAE04EC0-301F-11D3-BF4B-00C04F79EFBC}") = "SerialLabs.Web", "Source\SerialLabs.Web\SerialLabs.Web.csproj", "{F7602FE1-4723-41C1-A75E-1A5FA1D3901A}"
EndProject
Project("{FAE04EC0-301F-11D3-BF4B-00C04F79EFBC}") = "SerialLabs.Web.Mvc", "Source\SerialLabs.Web.Mvc\SerialLabs.Web.Mvc.csproj", "{12902A68-82B7-4DF4-8F92-CC941993EEDC}"
EndProject
Project("{FAE04EC0-301F-11D3-BF4B-00C04F79EFBC}") = "SerialLabs.Web.Http", "Source\SerialLabs.Web.Http\SerialLabs.Web.Http.csproj", "{2A02786C-4FD4-4D91-9B54-CDA3C6E3E9D4}"
EndProject
Project("{FAE04EC0-301F-11D3-BF4B-00C04F79EFBC}") = "SerialLabs.Web.Http.Tests", "Source\UnitTests\SerialLabs.Web.Http.Tests\SerialLabs.Web.Http.Tests.csproj", "{1DFFD8DC-0597-440E-B2F9-89C3BFAE6383}"
EndProject
Project("{FAE04EC0-301F-11D3-BF4B-00C04F79EFBC}") = "SerialLabs.ExceptionHandling", "Source\SerialLabs.ExceptionHandling\SerialLabs.ExceptionHandling.csproj", "{CF031C68-7E3B-46E9-A66C-C750C4218B8F}"
EndProject
Project("{FAE04EC0-301F-11D3-BF4B-00C04F79EFBC}") = "SerialLabs.ExceptionHandling.Logging", "Source\SerialLabs.ExceptionHandling.Logging\SerialLabs.ExceptionHandling.Logging.csproj", "{A9E8842C-ABB1-45EE-A4C1-EE6142364AD8}"
EndProject
Project("{FAE04EC0-301F-11D3-BF4B-00C04F79EFBC}") = "SerialLabs.Fakers", "Source\SerialLabs.Fakers\SerialLabs.Fakers.csproj", "{84D1524F-7CE6-4F6D-8DAA-4666F158C676}"
EndProject
Project("{FAE04EC0-301F-11D3-BF4B-00C04F79EFBC}") = "SerialLabs.Fakers.Tests", "Source\UnitTests\SerialLabs.Fakers.Tests\SerialLabs.Fakers.Tests.csproj", "{7752C1D5-7758-4E2E-992D-E2504D3AAB53}"
EndProject
Project("{FAE04EC0-301F-11D3-BF4B-00C04F79EFBC}") = "SerialLabs.Data.EntityFramework", "Source\SerialLabs.Data.EntityFramework\SerialLabs.Data.EntityFramework.csproj", "{3035CD39-8FFE-49FB-B3C9-0638D3617D57}"
EndProject
Project("{FAE04EC0-301F-11D3-BF4B-00C04F79EFBC}") = "SerialLabs.Data.AzureTable", "Source\SerialLabs.Data.AzureTable\SerialLabs.Data.AzureTable.csproj", "{C2235FA7-8901-4D83-A5D8-827B9C03D6AA}"
EndProject
Project("{FAE04EC0-301F-11D3-BF4B-00C04F79EFBC}") = "SerialLabs.Logging.AzureTable", "Source\SerialLabs.Logging.AzureTable\SerialLabs.Logging.AzureTable.csproj", "{910CE96C-B0EA-4B78-B01C-5D3958FFEF2A}"
EndProject
Project("{FAE04EC0-301F-11D3-BF4B-00C04F79EFBC}") = "SerialLabs.AspNet.Identity.AzureTable.Tests", "Source\UnitTests\SerialLabs.AspNet.Identity.AzureTable.Tests\SerialLabs.AspNet.Identity.AzureTable.Tests.csproj", "{3CAD2AF7-0A33-43DF-BF7B-8A5E16702452}"
EndProject
Project("{FAE04EC0-301F-11D3-BF4B-00C04F79EFBC}") = "SerialLabs.Logging.AzureTable.Tests", "Source\UnitTests\SerialLabs.Logging.AzureTable.Tests\SerialLabs.Logging.AzureTable.Tests.csproj", "{AC313D39-8BAE-4A70-B373-A03228313871}"
EndProject
Project("{FAE04EC0-301F-11D3-BF4B-00C04F79EFBC}") = "SerialLabs.Data.AzureTable.Tests", "Source\UnitTests\SerialLabs.Data.AzureTable.Tests\SerialLabs.Data.AzureTable.Tests.csproj", "{FA4CA009-8A45-4FC5-A617-49CEA7E2336D}"
EndProject
Project("{FAE04EC0-301F-11D3-BF4B-00C04F79EFBC}") = "SerialLabs.Data.Tests", "Source\UnitTests\SerialLabs.Data.Tests\SerialLabs.Data.Tests.csproj", "{36FC73A6-7F49-46D9-AB35-7738829F43EF}"
EndProject
Project("{FAE04EC0-301F-11D3-BF4B-00C04F79EFBC}") = "SerialLabs.AspNet.Identity.AzureTable", "Source\SerialLabs.AspNet.Identity.AzureTable\SerialLabs.AspNet.Identity.AzureTable.csproj", "{D0848109-81E6-43E6-934C-71850906F6D4}"
EndProject
Global
	GlobalSection(SolutionConfigurationPlatforms) = preSolution
		Debug|Any CPU = Debug|Any CPU
		Release|Any CPU = Release|Any CPU
	EndGlobalSection
	GlobalSection(ProjectConfigurationPlatforms) = postSolution
		{0706A320-FBC4-4CFF-8A51-280A59CDA5FC}.Debug|Any CPU.ActiveCfg = Debug|Any CPU
		{0706A320-FBC4-4CFF-8A51-280A59CDA5FC}.Debug|Any CPU.Build.0 = Debug|Any CPU
		{0706A320-FBC4-4CFF-8A51-280A59CDA5FC}.Release|Any CPU.ActiveCfg = Release|Any CPU
		{0706A320-FBC4-4CFF-8A51-280A59CDA5FC}.Release|Any CPU.Build.0 = Release|Any CPU
		{2399AC7C-E410-4D21-A741-A13B7A3F3398}.Debug|Any CPU.ActiveCfg = Debug|Any CPU
		{2399AC7C-E410-4D21-A741-A13B7A3F3398}.Debug|Any CPU.Build.0 = Debug|Any CPU
		{2399AC7C-E410-4D21-A741-A13B7A3F3398}.Release|Any CPU.ActiveCfg = Release|Any CPU
		{2399AC7C-E410-4D21-A741-A13B7A3F3398}.Release|Any CPU.Build.0 = Release|Any CPU
		{7DF8B9B8-A088-4671-B42A-818AC174D7AF}.Debug|Any CPU.ActiveCfg = Debug|Any CPU
		{7DF8B9B8-A088-4671-B42A-818AC174D7AF}.Debug|Any CPU.Build.0 = Debug|Any CPU
		{7DF8B9B8-A088-4671-B42A-818AC174D7AF}.Release|Any CPU.ActiveCfg = Release|Any CPU
		{7DF8B9B8-A088-4671-B42A-818AC174D7AF}.Release|Any CPU.Build.0 = Release|Any CPU
		{04E35A96-3802-493B-BFCC-4E425CB9657A}.Debug|Any CPU.ActiveCfg = Debug|Any CPU
		{04E35A96-3802-493B-BFCC-4E425CB9657A}.Debug|Any CPU.Build.0 = Debug|Any CPU
		{04E35A96-3802-493B-BFCC-4E425CB9657A}.Release|Any CPU.ActiveCfg = Release|Any CPU
		{04E35A96-3802-493B-BFCC-4E425CB9657A}.Release|Any CPU.Build.0 = Release|Any CPU
		{2812E3A1-FF28-4D83-B235-207F427BBC10}.Debug|Any CPU.ActiveCfg = Debug|Any CPU
		{2812E3A1-FF28-4D83-B235-207F427BBC10}.Debug|Any CPU.Build.0 = Debug|Any CPU
		{2812E3A1-FF28-4D83-B235-207F427BBC10}.Release|Any CPU.ActiveCfg = Release|Any CPU
		{2812E3A1-FF28-4D83-B235-207F427BBC10}.Release|Any CPU.Build.0 = Release|Any CPU
		{F7602FE1-4723-41C1-A75E-1A5FA1D3901A}.Debug|Any CPU.ActiveCfg = Debug|Any CPU
		{F7602FE1-4723-41C1-A75E-1A5FA1D3901A}.Debug|Any CPU.Build.0 = Debug|Any CPU
		{F7602FE1-4723-41C1-A75E-1A5FA1D3901A}.Release|Any CPU.ActiveCfg = Release|Any CPU
		{F7602FE1-4723-41C1-A75E-1A5FA1D3901A}.Release|Any CPU.Build.0 = Release|Any CPU
		{12902A68-82B7-4DF4-8F92-CC941993EEDC}.Debug|Any CPU.ActiveCfg = Debug|Any CPU
		{12902A68-82B7-4DF4-8F92-CC941993EEDC}.Debug|Any CPU.Build.0 = Debug|Any CPU
		{12902A68-82B7-4DF4-8F92-CC941993EEDC}.Release|Any CPU.ActiveCfg = Release|Any CPU
		{12902A68-82B7-4DF4-8F92-CC941993EEDC}.Release|Any CPU.Build.0 = Release|Any CPU
		{2A02786C-4FD4-4D91-9B54-CDA3C6E3E9D4}.Debug|Any CPU.ActiveCfg = Debug|Any CPU
		{2A02786C-4FD4-4D91-9B54-CDA3C6E3E9D4}.Debug|Any CPU.Build.0 = Debug|Any CPU
		{2A02786C-4FD4-4D91-9B54-CDA3C6E3E9D4}.Release|Any CPU.ActiveCfg = Release|Any CPU
		{2A02786C-4FD4-4D91-9B54-CDA3C6E3E9D4}.Release|Any CPU.Build.0 = Release|Any CPU
		{1DFFD8DC-0597-440E-B2F9-89C3BFAE6383}.Debug|Any CPU.ActiveCfg = Debug|Any CPU
		{1DFFD8DC-0597-440E-B2F9-89C3BFAE6383}.Debug|Any CPU.Build.0 = Debug|Any CPU
		{1DFFD8DC-0597-440E-B2F9-89C3BFAE6383}.Release|Any CPU.ActiveCfg = Release|Any CPU
		{1DFFD8DC-0597-440E-B2F9-89C3BFAE6383}.Release|Any CPU.Build.0 = Release|Any CPU
		{CF031C68-7E3B-46E9-A66C-C750C4218B8F}.Debug|Any CPU.ActiveCfg = Debug|Any CPU
		{CF031C68-7E3B-46E9-A66C-C750C4218B8F}.Debug|Any CPU.Build.0 = Debug|Any CPU
		{CF031C68-7E3B-46E9-A66C-C750C4218B8F}.Release|Any CPU.ActiveCfg = Release|Any CPU
		{CF031C68-7E3B-46E9-A66C-C750C4218B8F}.Release|Any CPU.Build.0 = Release|Any CPU
		{A9E8842C-ABB1-45EE-A4C1-EE6142364AD8}.Debug|Any CPU.ActiveCfg = Debug|Any CPU
		{A9E8842C-ABB1-45EE-A4C1-EE6142364AD8}.Debug|Any CPU.Build.0 = Debug|Any CPU
		{A9E8842C-ABB1-45EE-A4C1-EE6142364AD8}.Release|Any CPU.ActiveCfg = Release|Any CPU
		{A9E8842C-ABB1-45EE-A4C1-EE6142364AD8}.Release|Any CPU.Build.0 = Release|Any CPU
		{84D1524F-7CE6-4F6D-8DAA-4666F158C676}.Debug|Any CPU.ActiveCfg = Debug|Any CPU
		{84D1524F-7CE6-4F6D-8DAA-4666F158C676}.Debug|Any CPU.Build.0 = Debug|Any CPU
		{84D1524F-7CE6-4F6D-8DAA-4666F158C676}.Release|Any CPU.ActiveCfg = Release|Any CPU
		{84D1524F-7CE6-4F6D-8DAA-4666F158C676}.Release|Any CPU.Build.0 = Release|Any CPU
		{7752C1D5-7758-4E2E-992D-E2504D3AAB53}.Debug|Any CPU.ActiveCfg = Debug|Any CPU
		{7752C1D5-7758-4E2E-992D-E2504D3AAB53}.Debug|Any CPU.Build.0 = Debug|Any CPU
		{7752C1D5-7758-4E2E-992D-E2504D3AAB53}.Release|Any CPU.ActiveCfg = Release|Any CPU
		{7752C1D5-7758-4E2E-992D-E2504D3AAB53}.Release|Any CPU.Build.0 = Release|Any CPU
		{3035CD39-8FFE-49FB-B3C9-0638D3617D57}.Debug|Any CPU.ActiveCfg = Debug|Any CPU
		{3035CD39-8FFE-49FB-B3C9-0638D3617D57}.Debug|Any CPU.Build.0 = Debug|Any CPU
		{3035CD39-8FFE-49FB-B3C9-0638D3617D57}.Release|Any CPU.ActiveCfg = Release|Any CPU
		{3035CD39-8FFE-49FB-B3C9-0638D3617D57}.Release|Any CPU.Build.0 = Release|Any CPU
		{C2235FA7-8901-4D83-A5D8-827B9C03D6AA}.Debug|Any CPU.ActiveCfg = Debug|Any CPU
		{C2235FA7-8901-4D83-A5D8-827B9C03D6AA}.Debug|Any CPU.Build.0 = Debug|Any CPU
		{C2235FA7-8901-4D83-A5D8-827B9C03D6AA}.Release|Any CPU.ActiveCfg = Release|Any CPU
		{C2235FA7-8901-4D83-A5D8-827B9C03D6AA}.Release|Any CPU.Build.0 = Release|Any CPU
		{910CE96C-B0EA-4B78-B01C-5D3958FFEF2A}.Debug|Any CPU.ActiveCfg = Debug|Any CPU
		{910CE96C-B0EA-4B78-B01C-5D3958FFEF2A}.Debug|Any CPU.Build.0 = Debug|Any CPU
		{910CE96C-B0EA-4B78-B01C-5D3958FFEF2A}.Release|Any CPU.ActiveCfg = Release|Any CPU
		{910CE96C-B0EA-4B78-B01C-5D3958FFEF2A}.Release|Any CPU.Build.0 = Release|Any CPU
		{3CAD2AF7-0A33-43DF-BF7B-8A5E16702452}.Debug|Any CPU.ActiveCfg = Debug|Any CPU
		{3CAD2AF7-0A33-43DF-BF7B-8A5E16702452}.Debug|Any CPU.Build.0 = Debug|Any CPU
		{3CAD2AF7-0A33-43DF-BF7B-8A5E16702452}.Release|Any CPU.ActiveCfg = Release|Any CPU
		{3CAD2AF7-0A33-43DF-BF7B-8A5E16702452}.Release|Any CPU.Build.0 = Release|Any CPU
		{AC313D39-8BAE-4A70-B373-A03228313871}.Debug|Any CPU.ActiveCfg = Debug|Any CPU
		{AC313D39-8BAE-4A70-B373-A03228313871}.Debug|Any CPU.Build.0 = Debug|Any CPU
		{AC313D39-8BAE-4A70-B373-A03228313871}.Release|Any CPU.ActiveCfg = Release|Any CPU
		{AC313D39-8BAE-4A70-B373-A03228313871}.Release|Any CPU.Build.0 = Release|Any CPU
		{FA4CA009-8A45-4FC5-A617-49CEA7E2336D}.Debug|Any CPU.ActiveCfg = Debug|Any CPU
		{FA4CA009-8A45-4FC5-A617-49CEA7E2336D}.Debug|Any CPU.Build.0 = Debug|Any CPU
		{FA4CA009-8A45-4FC5-A617-49CEA7E2336D}.Release|Any CPU.ActiveCfg = Release|Any CPU
		{FA4CA009-8A45-4FC5-A617-49CEA7E2336D}.Release|Any CPU.Build.0 = Release|Any CPU
		{36FC73A6-7F49-46D9-AB35-7738829F43EF}.Debug|Any CPU.ActiveCfg = Debug|Any CPU
		{36FC73A6-7F49-46D9-AB35-7738829F43EF}.Debug|Any CPU.Build.0 = Debug|Any CPU
		{36FC73A6-7F49-46D9-AB35-7738829F43EF}.Release|Any CPU.ActiveCfg = Release|Any CPU
		{36FC73A6-7F49-46D9-AB35-7738829F43EF}.Release|Any CPU.Build.0 = Release|Any CPU
		{D0848109-81E6-43E6-934C-71850906F6D4}.Debug|Any CPU.ActiveCfg = Debug|Any CPU
		{D0848109-81E6-43E6-934C-71850906F6D4}.Debug|Any CPU.Build.0 = Debug|Any CPU
		{D0848109-81E6-43E6-934C-71850906F6D4}.Release|Any CPU.ActiveCfg = Release|Any CPU
		{D0848109-81E6-43E6-934C-71850906F6D4}.Release|Any CPU.Build.0 = Release|Any CPU
	EndGlobalSection
	GlobalSection(SolutionProperties) = preSolution
		HideSolutionNode = FALSE
	EndGlobalSection
	GlobalSection(NestedProjects) = preSolution
		{2399AC7C-E410-4D21-A741-A13B7A3F3398} = {3D37672D-2D58-4F52-A7B9-200B714BAC2E}
		{0706A320-FBC4-4CFF-8A51-280A59CDA5FC} = {3D37672D-2D58-4F52-A7B9-200B714BAC2E}
		{04E35A96-3802-493B-BFCC-4E425CB9657A} = {3D37672D-2D58-4F52-A7B9-200B714BAC2E}
		{F7602FE1-4723-41C1-A75E-1A5FA1D3901A} = {3D37672D-2D58-4F52-A7B9-200B714BAC2E}
		{12902A68-82B7-4DF4-8F92-CC941993EEDC} = {3D37672D-2D58-4F52-A7B9-200B714BAC2E}
		{2A02786C-4FD4-4D91-9B54-CDA3C6E3E9D4} = {3D37672D-2D58-4F52-A7B9-200B714BAC2E}
		{CF031C68-7E3B-46E9-A66C-C750C4218B8F} = {3D37672D-2D58-4F52-A7B9-200B714BAC2E}
		{A9E8842C-ABB1-45EE-A4C1-EE6142364AD8} = {3D37672D-2D58-4F52-A7B9-200B714BAC2E}
		{84D1524F-7CE6-4F6D-8DAA-4666F158C676} = {3D37672D-2D58-4F52-A7B9-200B714BAC2E}
		{3035CD39-8FFE-49FB-B3C9-0638D3617D57} = {3D37672D-2D58-4F52-A7B9-200B714BAC2E}
		{C2235FA7-8901-4D83-A5D8-827B9C03D6AA} = {3D37672D-2D58-4F52-A7B9-200B714BAC2E}
		{910CE96C-B0EA-4B78-B01C-5D3958FFEF2A} = {3D37672D-2D58-4F52-A7B9-200B714BAC2E}
		{D0848109-81E6-43E6-934C-71850906F6D4} = {3D37672D-2D58-4F52-A7B9-200B714BAC2E}
		{7DF8B9B8-A088-4671-B42A-818AC174D7AF} = {31BD8A3B-338B-44E3-84D0-223FBAE4A6B1}
		{2812E3A1-FF28-4D83-B235-207F427BBC10} = {31BD8A3B-338B-44E3-84D0-223FBAE4A6B1}
		{1DFFD8DC-0597-440E-B2F9-89C3BFAE6383} = {31BD8A3B-338B-44E3-84D0-223FBAE4A6B1}
		{7752C1D5-7758-4E2E-992D-E2504D3AAB53} = {31BD8A3B-338B-44E3-84D0-223FBAE4A6B1}
		{3CAD2AF7-0A33-43DF-BF7B-8A5E16702452} = {31BD8A3B-338B-44E3-84D0-223FBAE4A6B1}
		{AC313D39-8BAE-4A70-B373-A03228313871} = {31BD8A3B-338B-44E3-84D0-223FBAE4A6B1}
		{FA4CA009-8A45-4FC5-A617-49CEA7E2336D} = {31BD8A3B-338B-44E3-84D0-223FBAE4A6B1}
		{36FC73A6-7F49-46D9-AB35-7738829F43EF} = {31BD8A3B-338B-44E3-84D0-223FBAE4A6B1}
	EndGlobalSection
EndGlobal
